{
  "name": "nomad-query",
  "version": "1.0.0",
  "lockfileVersion": 3,
  "requires": true,
  "packages": {
    "": {
      "name": "nomad-query",
      "version": "1.0.0",
      "license": "ISC",
      "dependencies": {
        "@orama/orama": "^2.0.0-beta.10",
        "@orama/plugin-data-persistence": "^2.0.0-beta.10",
        "commander": "^11.1.0"
      }
    },
    "node_modules/@msgpack/msgpack": {
      "version": "2.8.0",
      "resolved": "https://registry.npmjs.org/@msgpack/msgpack/-/msgpack-2.8.0.tgz",
      "integrity": "sha512-h9u4u/jiIRKbq25PM+zymTyW6bhTzELvOoUd+AvYriWOAKpLGnIamaET3pnHYoI5iYphAHBI4ayx0MehR+VVPQ==",
      "engines": {
        "node": ">= 10"
      }
    },
    "node_modules/@orama/orama": {
      "version": "2.0.0-beta.10",
      "resolved": "https://registry.npmjs.org/@orama/orama/-/orama-2.0.0-beta.10.tgz",
      "integrity": "sha512-gZGuEiOVx1iYJS+qPxHivikViY/3B9YN4nYCPUEdE2XoqsptrjjY4HT82lc4OfXA6gHKp4x/A4fuRTiGHlUktQ==",
      "engines": {
        "node": ">= 16.0.0"
      }
    },
    "node_modules/@orama/plugin-data-persistence": {
      "version": "2.0.0-beta.10",
      "resolved": "https://registry.npmjs.org/@orama/plugin-data-persistence/-/plugin-data-persistence-2.0.0-beta.10.tgz",
      "integrity": "sha512-Ax2D16W9+/XwB3xs5PvPzUcd0lfKlmrotkQozipFVD2DBOadExcyeqJgBd2O/WqkzNmYZPNUC0QtTrERrrS+tA==",
      "dependencies": {
        "@msgpack/msgpack": "^2.7.2",
        "@orama/orama": "2.0.0-beta.10",
        "dpack": "^0.6.22"
      }
    },
    "node_modules/commander": {
      "version": "11.1.0",
      "resolved": "https://registry.npmjs.org/commander/-/commander-11.1.0.tgz",
      "integrity": "sha512-yPVavfyCcRhmorC7rWlkHn15b4wDVgVmBA7kV4QVBsF7kv/9TKJAbAXVTxvTnwP8HHKjRCJDClKbciiYS7p0DQ==",
      "engines": {
        "node": ">=16"
      }
    },
    "node_modules/dpack": {
      "version": "0.6.22",
      "resolved": "https://registry.npmjs.org/dpack/-/dpack-0.6.22.tgz",
      "integrity": "sha512-WGPNlW2OAE7Bj0eODMpAHUcEqxrlg01e9OFZDxQodminIgC194/cRHT7K04Z1j7AUEWTeeplYGrIv/xRdwU9Hg=="
    }
  }
}
